{
  "name": "snarkjs",
  "version": "0.1.20",
  "lockfileVersion": 3,
  "requires": true,
  "packages": {
    "": {
      "name": "snarkjs",
      "version": "0.1.20",
      "license": "GPL-3.0",
      "dependencies": {
        "@noble/curves": "1.8.1",
        "@noble/hashes": "1.7.1",
        "big-integer": "1.6.43"
      },
      "bin": {
        "snarkjs": "cli.js"
      },
      "devDependencies": {
        "micro-should": "0.5.1"
      }
    },
    "node_modules/@noble/curves": {
      "version": "1.8.1",
      "resolved": "https://registry.npmjs.org/@noble/curves/-/curves-1.8.1.tgz",
      "integrity": "sha512-warwspo+UYUPep0Q+vtdVB4Ugn8GGQj8iyB3gnRWsztmUHTI3S1nhdiWNsPUGL0vud7JlRRk1XEu7Lq1KGTnMQ==",
      "license": "MIT",
      "dependencies": {
        "@noble/hashes": "1.7.1"
      },
      "engines": {
        "node": "^14.21.3 || >=16"
      },
      "funding": {
        "url": "https://paulmillr.com/funding/"
      }
    },
    "node_modules/@noble/hashes": {
      "version": "1.7.1",
      "resolved": "https://registry.npmjs.org/@noble/hashes/-/hashes-1.7.1.tgz",
      "integrity": "sha512-B8XBPsn4vT/KJAGqDzbwztd+6Yte3P4V7iafm24bxgDe/mlRuK6xmWPuCNrKt2vDafZ8MfJLlchDG/vYafQEjQ==",
      "license": "MIT",
      "engines": {
        "node": "^14.21.3 || >=16"
      },
      "funding": {
        "url": "https://paulmillr.com/funding/"
      }
    },
    "node_modules/big-integer": {
      "version": "1.6.43",
      "resolved": "https://registry.npmjs.org/big-integer/-/big-integer-1.6.43.tgz",
      "integrity": "sha512-9dULc9jsKmXl0Aeunug8wbF+58n+hQoFjqClN7WeZwGLh0XJUWyJJ9Ee+Ep+Ql/J9fRsTVaeThp8MhiCCrY0Jg==",
      "engines": {
        "node": ">=0.6"
      }
    },
    "node_modules/micro-should": {
      "version": "0.5.1",
      "resolved": "https://registry.npmjs.org/micro-should/-/micro-should-0.5.1.tgz",
      "integrity": "sha512-i3BdNfiAf4PyEEjyxNO2Ex/C0V4ux9ZCKyxSbF6p/n9+UqhRsUbae8PfTM9Came91lGzJLEFlAtAEkY4eSpq6w==",
      "dev": true,
      "license": "MIT"
    }
  }
}
